
Microsoft Visual Studio Solution File, Format Version 12.00
# Visual Studio Version 16
VisualStudioVersion = 16.0.31005.135
MinimumVisualStudioVersion = 10.0.40219.1
Project("{9A19103F-16F7-4668-BE54-9A1E7A4F7556}") = "Game", "Game\Game.csproj", "{87F14A48-C971-4196-9E6D-7BE82884D6E5}"
EndProject
Project("{FAE04EC0-301F-11D3-BF4B-00C04F79EFBC}") = "GameTests", "GameTests\GameTests.csproj", "{9BBDAE4F-2111-4FCD-8844-947E6AF5CA39}"
EndProject
Global
	GlobalSection(SolutionConfigurationPlatforms) = preSolution
		Debug|Any CPU = Debug|Any CPU
		Release|Any CPU = Release|Any CPU
	EndGlobalSection
	GlobalSection(ProjectConfigurationPlatforms) = postSolution
		{87F14A48-C971-4196-9E6D-7BE82884D6E5}.Debug|Any CPU.ActiveCfg = Debug|Any CPU
		{87F14A48-C971-4196-9E6D-7BE82884D6E5}.Debug|Any CPU.Build.0 = Debug|Any CPU
		{87F14A48-C971-4196-9E6D-7BE82884D6E5}.Release|Any CPU.ActiveCfg = Release|Any CPU
		{87F14A48-C971-4196-9E6D-7BE82884D6E5}.Release|Any CPU.Build.0 = Release|Any CPU
		{9BBDAE4F-2111-4FCD-8844-947E6AF5CA39}.Debug|Any CPU.ActiveCfg = Debug|Any CPU
		{9BBDAE4F-2111-4FCD-8844-947E6AF5CA39}.Debug|Any CPU.Build.0 = Debug|Any CPU
		{9BBDAE4F-2111-4FCD-8844-947E6AF5CA39}.Release|Any CPU.ActiveCfg = Release|Any CPU
		{9BBDAE4F-2111-4FCD-8844-947E6AF5CA39}.Release|Any CPU.Build.0 = Release|Any CPU
	EndGlobalSection
	GlobalSection(SolutionProperties) = preSolution
		HideSolutionNode = FALSE
	EndGlobalSection
	GlobalSection(ExtensibilityGlobals) = postSolution
		SolutionGuid = {57B4567D-BA75-48BA-BD19-3C7CCCF2EDC9}
	EndGlobalSection
EndGlobal
